
Microsoft Visual Studio Solution File, Format Version 12.00
# Visual Studio Version 17
VisualStudioVersion = 17.3.32922.545
MinimumVisualStudioVersion = 10.0.40219.1
Project("{8BC9CEB8-8B4A-11D0-8D11-00A0C91BC942}") = "systemlibrary", "systemlibrary\systemlibrary.vcxproj", "{31961A9E-2FA2-4C86-A7B9-E09E10AF52AB}"
EndProject
Global
	GlobalSection(SolutionConfigurationPlatforms) = preSolution
		Debug|x64 = Debug|x64
		Debug|x86 = Debug|x86
		Release|x64 = Release|x64
		Release|x86 = Release|x86
	EndGlobalSection
	GlobalSection(ProjectConfigurationPlatforms) = postSolution
		{31961A9E-2FA2-4C86-A7B9-E09E10AF52AB}.Debug|x64.ActiveCfg = Debug|x64
		{31961A9E-2FA2-4C86-A7B9-E09E10AF52AB}.Debug|x64.Build.0 = Debug|x64
		{31961A9E-2FA2-4C86-A7B9-E09E10AF52AB}.Debug|x86.ActiveCfg = Debug|Win32
		{31961A9E-2FA2-4C86-A7B9-E09E10AF52AB}.Debug|x86.Build.0 = Debug|Win32
		{31961A9E-2FA2-4C86-A7B9-E09E10AF52AB}.Release|x64.ActiveCfg = Release|x64
		{31961A9E-2FA2-4C86-A7B9-E09E10AF52AB}.Release|x64.Build.0 = Release|x64
		{31961A9E-2FA2-4C86-A7B9-E09E10AF52AB}.Release|x86.ActiveCfg = Release|Win32
		{31961A9E-2FA2-4C86-A7B9-E09E10AF52AB}.Release|x86.Build.0 = Release|Win32
	EndGlobalSection
	GlobalSection(SolutionProperties) = preSolution
		HideSolutionNode = FALSE
	EndGlobalSection
	GlobalSection(ExtensibilityGlobals) = postSolution
		SolutionGuid = {FE38F739-29D8-467E-8BF9-2783C10598E5}
	EndGlobalSection
EndGlobal
